// !$*UTF8*$!
{
	archiveVersion = 1;
	classes = {
	};
	objectVersion = 52;
	objects = {

/* Begin PBXBuildFile section */
		751B09BF26113F43009C40B2 /* SearchResultsView.swift in Sources */ = {isa = PBXBuildFile; fileRef = 751B09BE26113F43009C40B2 /* SearchResultsView.swift */; };
		751B09C22611DD3E009C40B2 /* BuildFile in Frameworks */ = {isa = PBXBuildFile; productRef = 751B09C12611DD3E009C40B2 /* SwiftPackageProductDependency */; };
		751B09C42611DE8B009C40B2 /* CardViewNavigation.swift in Sources */ = {isa = PBXBuildFile; fileRef = 751B09C32611DE8B009C40B2 /* CardViewNavigation.swift */; };
		751B09C62611E159009C40B2 /* testGraphData.json in Resources */ = {isa = PBXBuildFile; fileRef = 751B09C52611E159009C40B2 /* testGraphData.json */; };
		751B09CA2611EDCA009C40B2 /* CustomScrollView.swift in Sources */ = {isa = PBXBuildFile; fileRef = 751B09C92611EDCA009C40B2 /* CustomScrollView.swift */; };
		751B09CE26120B91009C40B2 /* NetworkMonitor.swift in Sources */ = {isa = PBXBuildFile; fileRef = 751B09CD26120B91009C40B2 /* NetworkMonitor.swift */; };
		7540C37E25E2A4E3006DC20A /* Montserrat-SemiBold.ttf in Resources */ = {isa = PBXBuildFile; fileRef = 7540C37C25E2A4E3006DC20A /* Montserrat-SemiBold.ttf */; };
		7540C37F25E2A4E3006DC20A /* Montserrat-Bold.ttf in Resources */ = {isa = PBXBuildFile; fileRef = 7540C37D25E2A4E3006DC20A /* Montserrat-Bold.ttf */; };
		7540C38125E2AE60006DC20A /* SnippetView.swift in Sources */ = {isa = PBXBuildFile; fileRef = 7540C38025E2AE60006DC20A /* SnippetView.swift */; };
		7541C0CE25E1440200DA55C4 /* zStocksApp.swift in Sources */ = {isa = PBXBuildFile; fileRef = 7541C0CD25E1440200DA55C4 /* zStocksApp.swift */; };
		7541C0D225E1440400DA55C4 /* Assets.xcassets in Resources */ = {isa = PBXBuildFile; fileRef = 7541C0D125E1440400DA55C4 /* Assets.xcassets */; };
		7541C0D525E1440400DA55C4 /* Preview Assets.xcassets in Resources */ = {isa = PBXBuildFile; fileRef = 7541C0D425E1440400DA55C4 /* Preview Assets.xcassets */; };
		7567BD7C260FB515006FE71E /* BuildFile in Frameworks */ = {isa = PBXBuildFile; productRef = 7567BD7B260FB515006FE71E /* SwiftPackageProductDependency */; };
		7567BD7E260FEF9D006FE71E /* trendingSnippetData.json in Resources */ = {isa = PBXBuildFile; fileRef = 7567BD7D260FEF9D006FE71E /* trendingSnippetData.json */; };
		759E800325E43A70001B28E0 /* SearchViewLanding.swift in Sources */ = {isa = PBXBuildFile; fileRef = 759E800225E43A70001B28E0 /* SearchViewLanding.swift */; };
		759E800725E542F5001B28E0 /* SnippetViewModel.swift in Sources */ = {isa = PBXBuildFile; fileRef = 759E800625E542F5001B28E0 /* SnippetViewModel.swift */; };
		75D0ED3325E950ED0063A673 /* snippetData.json in Resources */ = {isa = PBXBuildFile; fileRef = 75D0ED3225E950ED0063A673 /* snippetData.json */; };
		75D0ED5B25E96FC00063A673 /* zStocks.xcdatamodeld in Sources */ = {isa = PBXBuildFile; fileRef = 75D0ED5925E96FC00063A673 /* zStocks.xcdatamodeld */; };
		75D0ED5D25E9702A0063A673 /* Persistance.swift in Sources */ = {isa = PBXBuildFile; fileRef = 75D0ED5C25E9702A0063A673 /* Persistance.swift */; };
		75DAB6EB25EA4C3B00265A64 /* SearchBar.swift in Sources */ = {isa = PBXBuildFile; fileRef = 75DAB6EA25EA4C3B00265A64 /* SearchBar.swift */; };
		75DAB6ED25EBB8D400265A64 /* Favourites.swift in Sources */ = {isa = PBXBuildFile; fileRef = 75DAB6EC25EBB8D400265A64 /* Favourites.swift */; };
		75DF0EEE25F2197900CFEB32 /* CardView.swift in Sources */ = {isa = PBXBuildFile; fileRef = 75DF0EED25F2197900CFEB32 /* CardView.swift */; };
		75DF0EF025F2B16400CFEB32 /* NewStocksHomeView.swift in Sources */ = {isa = PBXBuildFile; fileRef = 75DF0EEF25F2B16300CFEB32 /* NewStocksHomeView.swift */; };
		75DF0EF225F2B1FF00CFEB32 /* NewHomeScreenNaviView.swift in Sources */ = {isa = PBXBuildFile; fileRef = 75DF0EF125F2B1FF00CFEB32 /* NewHomeScreenNaviView.swift */; };
		75DF0EF525F359BC00CFEB32 /* BuildFile in Frameworks */ = {isa = PBXBuildFile; productRef = 75DF0EF425F359BC00CFEB32 /* SwiftPackageProductDependency */; };
		E828D497DD0AE7DE72CB254F /* Pods_zStocks.framework in Frameworks */ = {isa = PBXBuildFile; fileRef = 8906A20EB381F5CC8CAD2A23 /* Pods_zStocks.framework */; };
/* End PBXBuildFile section */

/* Begin PBXFileReference section */
		751B09BE26113F43009C40B2 /* SearchResultsView.swift */ = {isa = PBXFileReference; lastKnownFileType = sourcecode.swift; path = SearchResultsView.swift; sourceTree = "<group>"; };
		751B09C32611DE8B009C40B2 /* CardViewNavigation.swift */ = {isa = PBXFileReference; lastKnownFileType = sourcecode.swift; path = CardViewNavigation.swift; sourceTree = "<group>"; };
		751B09C52611E159009C40B2 /* testGraphData.json */ = {isa = PBXFileReference; fileEncoding = 4; lastKnownFileType = text.json; path = testGraphData.json; sourceTree = "<group>"; };
		751B09C92611EDCA009C40B2 /* CustomScrollView.swift */ = {isa = PBXFileReference; lastKnownFileType = sourcecode.swift; path = CustomScrollView.swift; sourceTree = "<group>"; };
		751B09CD26120B91009C40B2 /* NetworkMonitor.swift */ = {isa = PBXFileReference; lastKnownFileType = sourcecode.swift; path = NetworkMonitor.swift; sourceTree = "<group>"; };
		7540C37C25E2A4E3006DC20A /* Montserrat-SemiBold.ttf */ = {isa = PBXFileReference; lastKnownFileType = file; path = "Montserrat-SemiBold.ttf"; sourceTree = "<group>"; };
		7540C37D25E2A4E3006DC20A /* Montserrat-Bold.ttf */ = {isa = PBXFileReference; lastKnownFileType = file; path = "Montserrat-Bold.ttf"; sourceTree = "<group>"; };
		7540C38025E2AE60006DC20A /* SnippetView.swift */ = {isa = PBXFileReference; lastKnownFileType = sourcecode.swift; path = SnippetView.swift; sourceTree = "<group>"; };
		7541C0CA25E1440200DA55C4 /* zStocks.app */ = {isa = PBXFileReference; explicitFileType = wrapper.application; includeInIndex = 0; path = zStocks.app; sourceTree = BUILT_PRODUCTS_DIR; };
		7541C0CD25E1440200DA55C4 /* zStocksApp.swift */ = {isa = PBXFileReference; lastKnownFileType = sourcecode.swift; path = zStocksApp.swift; sourceTree = "<group>"; };
		7541C0D125E1440400DA55C4 /* Assets.xcassets */ = {isa = PBXFileReference; lastKnownFileType = folder.assetcatalog; path = Assets.xcassets; sourceTree = "<group>"; };
		7541C0D425E1440400DA55C4 /* Preview Assets.xcassets */ = {isa = PBXFileReference; lastKnownFileType = folder.assetcatalog; path = "Preview Assets.xcassets"; sourceTree = "<group>"; };
		7541C0D625E1440400DA55C4 /* Info.plist */ = {isa = PBXFileReference; lastKnownFileType = text.plist.xml; path = Info.plist; sourceTree = "<group>"; };
		7567BD7D260FEF9D006FE71E /* trendingSnippetData.json */ = {isa = PBXFileReference; fileEncoding = 4; lastKnownFileType = text.json; path = trendingSnippetData.json; sourceTree = "<group>"; };
		759E800225E43A70001B28E0 /* SearchViewLanding.swift */ = {isa = PBXFileReference; lastKnownFileType = sourcecode.swift; path = SearchViewLanding.swift; sourceTree = "<group>"; };
		759E800625E542F5001B28E0 /* SnippetViewModel.swift */ = {isa = PBXFileReference; lastKnownFileType = sourcecode.swift; path = SnippetViewModel.swift; sourceTree = "<group>"; };
		75D0ED3225E950ED0063A673 /* snippetData.json */ = {isa = PBXFileReference; fileEncoding = 4; lastKnownFileType = text.json; path = snippetData.json; sourceTree = "<group>"; };
		75D0ED5A25E96FC00063A673 /* zStocks.xcdatamodel */ = {isa = PBXFileReference; lastKnownFileType = wrapper.xcdatamodel; path = zStocks.xcdatamodel; sourceTree = "<group>"; };
		75D0ED5C25E9702A0063A673 /* Persistance.swift */ = {isa = PBXFileReference; lastKnownFileType = sourcecode.swift; path = Persistance.swift; sourceTree = "<group>"; };
		75DAB6EA25EA4C3B00265A64 /* SearchBar.swift */ = {isa = PBXFileReference; lastKnownFileType = sourcecode.swift; path = SearchBar.swift; sourceTree = "<group>"; };
		75DAB6EC25EBB8D400265A64 /* Favourites.swift */ = {isa = PBXFileReference; lastKnownFileType = sourcecode.swift; path = Favourites.swift; sourceTree = "<group>"; };
		75DF0EED25F2197900CFEB32 /* CardView.swift */ = {isa = PBXFileReference; lastKnownFileType = sourcecode.swift; path = CardView.swift; sourceTree = "<group>"; };
		75DF0EEF25F2B16300CFEB32 /* NewStocksHomeView.swift */ = {isa = PBXFileReference; lastKnownFileType = sourcecode.swift; path = NewStocksHomeView.swift; sourceTree = "<group>"; };
		75DF0EF125F2B1FF00CFEB32 /* NewHomeScreenNaviView.swift */ = {isa = PBXFileReference; lastKnownFileType = sourcecode.swift; path = NewHomeScreenNaviView.swift; sourceTree = "<group>"; };
		8906A20EB381F5CC8CAD2A23 /* Pods_zStocks.framework */ = {isa = PBXFileReference; explicitFileType = wrapper.framework; includeInIndex = 0; path = Pods_zStocks.framework; sourceTree = BUILT_PRODUCTS_DIR; };
		B46A77CEFFA40ACAC249078B /* Pods-zStocks.release.xcconfig */ = {isa = PBXFileReference; includeInIndex = 1; lastKnownFileType = text.xcconfig; name = "Pods-zStocks.release.xcconfig"; path = "Target Support Files/Pods-zStocks/Pods-zStocks.release.xcconfig"; sourceTree = "<group>"; };
		EC4B6CF2B0F1F77402F2F333 /* Pods-zStocks.debug.xcconfig */ = {isa = PBXFileReference; includeInIndex = 1; lastKnownFileType = text.xcconfig; name = "Pods-zStocks.debug.xcconfig"; path = "Target Support Files/Pods-zStocks/Pods-zStocks.debug.xcconfig"; sourceTree = "<group>"; };
/* End PBXFileReference section */

/* Begin PBXFrameworksBuildPhase section */
		7541C0C725E1440200DA55C4 /* Frameworks */ = {
			isa = PBXFrameworksBuildPhase;
			buildActionMask = 2147483647;
			files = (
				751B09C22611DD3E009C40B2 /* BuildFile in Frameworks */,
				7567BD7C260FB515006FE71E /* BuildFile in Frameworks */,
				75DF0EF525F359BC00CFEB32 /* BuildFile in Frameworks */,
				E828D497DD0AE7DE72CB254F /* Pods_zStocks.framework in Frameworks */,
			);
			runOnlyForDeploymentPostprocessing = 0;
		};
/* End PBXFrameworksBuildPhase section */

/* Begin PBXGroup section */
		47DF68F93AFE8189FDA13655 /* Frameworks */ = {
			isa = PBXGroup;
			children = (
				8906A20EB381F5CC8CAD2A23 /* Pods_zStocks.framework */,
			);
			name = Frameworks;
			sourceTree = "<group>";
		};
		4A2E00485A257E6F8E72E7E9 /* Pods */ = {
			isa = PBXGroup;
			children = (
				EC4B6CF2B0F1F77402F2F333 /* Pods-zStocks.debug.xcconfig */,
				B46A77CEFFA40ACAC249078B /* Pods-zStocks.release.xcconfig */,
			);
			path = Pods;
			sourceTree = "<group>";
		};
		7540C37B25E2A46B006DC20A /* Font */ = {
			isa = PBXGroup;
			children = (
				7540C37D25E2A4E3006DC20A /* Montserrat-Bold.ttf */,
				7540C37C25E2A4E3006DC20A /* Montserrat-SemiBold.ttf */,
			);
			path = Font;
			sourceTree = "<group>";
		};
		7541C0C125E1440200DA55C4 = {
			isa = PBXGroup;
			children = (
				7541C0CC25E1440200DA55C4 /* zStocks */,
				7541C0CB25E1440200DA55C4 /* Products */,
				4A2E00485A257E6F8E72E7E9 /* Pods */,
				47DF68F93AFE8189FDA13655 /* Frameworks */,
			);
			sourceTree = "<group>";
		};
		7541C0CB25E1440200DA55C4 /* Products */ = {
			isa = PBXGroup;
			children = (
				7541C0CA25E1440200DA55C4 /* zStocks.app */,
			);
			name = Products;
			sourceTree = "<group>";
		};
		7541C0CC25E1440200DA55C4 /* zStocks */ = {
			isa = PBXGroup;
			children = (
				7541C0CD25E1440200DA55C4 /* zStocksApp.swift */,
				751B09CD26120B91009C40B2 /* NetworkMonitor.swift */,
				751B09C92611EDCA009C40B2 /* CustomScrollView.swift */,
				751B09C32611DE8B009C40B2 /* CardViewNavigation.swift */,
				75DF0EED25F2197900CFEB32 /* CardView.swift */,
				75DF0EEF25F2B16300CFEB32 /* NewStocksHomeView.swift */,
				75DF0EF125F2B1FF00CFEB32 /* NewHomeScreenNaviView.swift */,
				75DAB6EC25EBB8D400265A64 /* Favourites.swift */,
				7540C38025E2AE60006DC20A /* SnippetView.swift */,
				759E800625E542F5001B28E0 /* SnippetViewModel.swift */,
				75DAB6EA25EA4C3B00265A64 /* SearchBar.swift */,
				759E800225E43A70001B28E0 /* SearchViewLanding.swift */,
				751B09BE26113F43009C40B2 /* SearchResultsView.swift */,
				7567BD7D260FEF9D006FE71E /* trendingSnippetData.json */,
				751B09C52611E159009C40B2 /* testGraphData.json */,
				75D0ED3225E950ED0063A673 /* snippetData.json */,
				7541C0D125E1440400DA55C4 /* Assets.xcassets */,
				7541C0D625E1440400DA55C4 /* Info.plist */,
				75D0ED5C25E9702A0063A673 /* Persistance.swift */,
				75D0ED5925E96FC00063A673 /* zStocks.xcdatamodeld */,
				7540C37B25E2A46B006DC20A /* Font */,
				7541C0D325E1440400DA55C4 /* Preview Content */,
			);
			path = zStocks;
			sourceTree = "<group>";
		};
		7541C0D325E1440400DA55C4 /* Preview Content */ = {
			isa = PBXGroup;
			children = (
				7541C0D425E1440400DA55C4 /* Preview Assets.xcassets */,
			);
			path = "Preview Content";
			sourceTree = "<group>";
		};
/* End PBXGroup section */

/* Begin PBXNativeTarget section */
		7541C0C925E1440200DA55C4 /* zStocks */ = {
			isa = PBXNativeTarget;
			buildConfigurationList = 7541C0D925E1440400DA55C4 /* Build configuration list for PBXNativeTarget "zStocks" */;
			buildPhases = (
				C2A57513084249FDD40C28B1 /* [CP] Check Pods Manifest.lock */,
				7541C0C625E1440200DA55C4 /* Sources */,
				7541C0C725E1440200DA55C4 /* Frameworks */,
				7541C0C825E1440200DA55C4 /* Resources */,
				159D7C656644472F3FD2ED68 /* [CP] Embed Pods Frameworks */,
			);
			buildRules = (
			);
			dependencies = (
			);
			name = zStocks;
			packageProductDependencies = (
				75DF0EF425F359BC00CFEB32 /* SwiftPackageProductDependency */,
				7567BD7B260FB515006FE71E /* SwiftPackageProductDependency */,
				751B09C12611DD3E009C40B2 /* SwiftPackageProductDependency */,
			);
			productName = zStocks;
			productReference = 7541C0CA25E1440200DA55C4 /* zStocks.app */;
			productType = "com.apple.product-type.application";
		};
/* End PBXNativeTarget section */

/* Begin PBXProject section */
		7541C0C225E1440200DA55C4 /* Project object */ = {
			isa = PBXProject;
			attributes = {
				LastSwiftUpdateCheck = 1250;
				LastUpgradeCheck = 1250;
				TargetAttributes = {
					7541C0C925E1440200DA55C4 = {
						CreatedOnToolsVersion = 12.5;
					};
				};
			};
			buildConfigurationList = 7541C0C525E1440200DA55C4 /* Build configuration list for PBXProject "zStocks" */;
			compatibilityVersion = "Xcode 9.3";
			developmentRegion = en;
			hasScannedForEncodings = 0;
			knownRegions = (
				en,
				Base,
			);
			mainGroup = 7541C0C125E1440200DA55C4;
			packageReferences = (
				75DF0EF325F359BB00CFEB32 /* RemoteSwiftPackageReference */,
				7567BD7A260FB515006FE71E /* RemoteSwiftPackageReference */,
				751B09C02611DD3E009C40B2 /* RemoteSwiftPackageReference */,
			);
			productRefGroup = 7541C0CB25E1440200DA55C4 /* Products */;
			projectDirPath = "";
			projectRoot = "";
			targets = (
				7541C0C925E1440200DA55C4 /* zStocks */,
			);
		};
/* End PBXProject section */

/* Begin PBXResourcesBuildPhase section */
		7541C0C825E1440200DA55C4 /* Resources */ = {
			isa = PBXResourcesBuildPhase;
			buildActionMask = 2147483647;
			files = (
				7567BD7E260FEF9D006FE71E /* trendingSnippetData.json in Resources */,
				7540C37F25E2A4E3006DC20A /* Montserrat-Bold.ttf in Resources */,
				751B09C62611E159009C40B2 /* testGraphData.json in Resources */,
				7540C37E25E2A4E3006DC20A /* Montserrat-SemiBold.ttf in Resources */,
				75D0ED3325E950ED0063A673 /* snippetData.json in Resources */,
				7541C0D525E1440400DA55C4 /* Preview Assets.xcassets in Resources */,
				7541C0D225E1440400DA55C4 /* Assets.xcassets in Resources */,
			);
			runOnlyForDeploymentPostprocessing = 0;
		};
/* End PBXResourcesBuildPhase section */

/* Begin PBXShellScriptBuildPhase section */
		159D7C656644472F3FD2ED68 /* [CP] Embed Pods Frameworks */ = {
			isa = PBXShellScriptBuildPhase;
			buildActionMask = 2147483647;
			files = (
			);
			inputFileListPaths = (
				"${PODS_ROOT}/Target Support Files/Pods-zStocks/Pods-zStocks-frameworks-${CONFIGURATION}-input-files.xcfilelist",
			);
			name = "[CP] Embed Pods Frameworks";
			outputFileListPaths = (
				"${PODS_ROOT}/Target Support Files/Pods-zStocks/Pods-zStocks-frameworks-${CONFIGURATION}-output-files.xcfilelist",
			);
			runOnlyForDeploymentPostprocessing = 0;
			shellPath = /bin/sh;
			shellScript = "\"${PODS_ROOT}/Target Support Files/Pods-zStocks/Pods-zStocks-frameworks.sh\"\n";
			showEnvVarsInLog = 0;
		};
		C2A57513084249FDD40C28B1 /* [CP] Check Pods Manifest.lock */ = {
			isa = PBXShellScriptBuildPhase;
			buildActionMask = 2147483647;
			files = (
			);
			inputFileListPaths = (
			);
			inputPaths = (
				"${PODS_PODFILE_DIR_PATH}/Podfile.lock",
				"${PODS_ROOT}/Manifest.lock",
			);
			name = "[CP] Check Pods Manifest.lock";
			outputFileListPaths = (
			);
			outputPaths = (
				"$(DERIVED_FILE_DIR)/Pods-zStocks-checkManifestLockResult.txt",
			);
			runOnlyForDeploymentPostprocessing = 0;
			shellPath = /bin/sh;
			shellScript = "diff \"${PODS_PODFILE_DIR_PATH}/Podfile.lock\" \"${PODS_ROOT}/Manifest.lock\" > /dev/null\nif [ $? != 0 ] ; then\n    # print error to STDERR\n    echo \"error: The sandbox is not in sync with the Podfile.lock. Run 'pod install' or update your CocoaPods installation.\" >&2\n    exit 1\nfi\n# This output is used by Xcode 'outputs' to avoid re-running this script phase.\necho \"SUCCESS\" > \"${SCRIPT_OUTPUT_FILE_0}\"\n";
			showEnvVarsInLog = 0;
		};
/* End PBXShellScriptBuildPhase section */

/* Begin PBXSourcesBuildPhase section */
		7541C0C625E1440200DA55C4 /* Sources */ = {
			isa = PBXSourcesBuildPhase;
			buildActionMask = 2147483647;
			files = (
				75DAB6EB25EA4C3B00265A64 /* SearchBar.swift in Sources */,
				75DAB6ED25EBB8D400265A64 /* Favourites.swift in Sources */,
				75D0ED5B25E96FC00063A673 /* zStocks.xcdatamodeld in Sources */,
				751B09C42611DE8B009C40B2 /* CardViewNavigation.swift in Sources */,
				759E800725E542F5001B28E0 /* SnippetViewModel.swift in Sources */,
				75D0ED5D25E9702A0063A673 /* Persistance.swift in Sources */,
				7540C38125E2AE60006DC20A /* SnippetView.swift in Sources */,
				75DF0EF025F2B16400CFEB32 /* NewStocksHomeView.swift in Sources */,
				759E800325E43A70001B28E0 /* SearchViewLanding.swift in Sources */,
				75DF0EF225F2B1FF00CFEB32 /* NewHomeScreenNaviView.swift in Sources */,
				7541C0CE25E1440200DA55C4 /* zStocksApp.swift in Sources */,
				751B09CA2611EDCA009C40B2 /* CustomScrollView.swift in Sources */,
				751B09BF26113F43009C40B2 /* SearchResultsView.swift in Sources */,
				751B09CE26120B91009C40B2 /* NetworkMonitor.swift in Sources */,
				75DF0EEE25F2197900CFEB32 /* CardView.swift in Sources */,
			);
			runOnlyForDeploymentPostprocessing = 0;
		};
/* End PBXSourcesBuildPhase section */

/* Begin XCBuildConfiguration section */
		7541C0D725E1440400DA55C4 /* Debug */ = {
			isa = XCBuildConfiguration;
			buildSettings = {
				ALWAYS_SEARCH_USER_PATHS = NO;
				CLANG_ANALYZER_NONNULL = YES;
				CLANG_ANALYZER_NUMBER_OBJECT_CONVERSION = YES_AGGRESSIVE;
				CLANG_CXX_LANGUAGE_STANDARD = "gnu++14";
				CLANG_CXX_LIBRARY = "libc++";
				CLANG_ENABLE_MODULES = YES;
				CLANG_ENABLE_OBJC_ARC = YES;
				CLANG_ENABLE_OBJC_WEAK = YES;
				CLANG_WARN_BLOCK_CAPTURE_AUTORELEASING = YES;
				CLANG_WARN_BOOL_CONVERSION = YES;
				CLANG_WARN_COMMA = YES;
				CLANG_WARN_CONSTANT_CONVERSION = YES;
				CLANG_WARN_DEPRECATED_OBJC_IMPLEMENTATIONS = YES;
				CLANG_WARN_DIRECT_OBJC_ISA_USAGE = YES_ERROR;
				CLANG_WARN_DOCUMENTATION_COMMENTS = YES;
				CLANG_WARN_EMPTY_BODY = YES;
				CLANG_WARN_ENUM_CONVERSION = YES;
				CLANG_WARN_INFINITE_RECURSION = YES;
				CLANG_WARN_INT_CONVERSION = YES;
				CLANG_WARN_NON_LITERAL_NULL_CONVERSION = YES;
				CLANG_WARN_OBJC_IMPLICIT_RETAIN_SELF = YES;
				CLANG_WARN_OBJC_LITERAL_CONVERSION = YES;
				CLANG_WARN_OBJC_ROOT_CLASS = YES_ERROR;
				CLANG_WARN_QUOTED_INCLUDE_IN_FRAMEWORK_HEADER = YES;
				CLANG_WARN_RANGE_LOOP_ANALYSIS = YES;
				CLANG_WARN_STRICT_PROTOTYPES = YES;
				CLANG_WARN_SUSPICIOUS_MOVE = YES;
				CLANG_WARN_UNGUARDED_AVAILABILITY = YES_AGGRESSIVE;
				CLANG_WARN_UNREACHABLE_CODE = YES;
				CLANG_WARN__DUPLICATE_METHOD_MATCH = YES;
				COPY_PHASE_STRIP = NO;
				DEBUG_INFORMATION_FORMAT = dwarf;
				ENABLE_STRICT_OBJC_MSGSEND = YES;
				ENABLE_TESTABILITY = YES;
				GCC_C_LANGUAGE_STANDARD = gnu11;
				GCC_DYNAMIC_NO_PIC = NO;
				GCC_NO_COMMON_BLOCKS = YES;
				GCC_OPTIMIZATION_LEVEL = 0;
				GCC_PREPROCESSOR_DEFINITIONS = (
					"DEBUG=1",
					"$(inherited)",
				);
				GCC_WARN_64_TO_32_BIT_CONVERSION = YES;
				GCC_WARN_ABOUT_RETURN_TYPE = YES_ERROR;
				GCC_WARN_UNDECLARED_SELECTOR = YES;
				GCC_WARN_UNINITIALIZED_AUTOS = YES_AGGRESSIVE;
				GCC_WARN_UNUSED_FUNCTION = YES;
				GCC_WARN_UNUSED_VARIABLE = YES;
				IPHONEOS_DEPLOYMENT_TARGET = 14.5;
				MTL_ENABLE_DEBUG_INFO = INCLUDE_SOURCE;
				MTL_FAST_MATH = YES;
				ONLY_ACTIVE_ARCH = YES;
				SDKROOT = iphoneos;
				SWIFT_ACTIVE_COMPILATION_CONDITIONS = DEBUG;
				SWIFT_OPTIMIZATION_LEVEL = "-Onone";
			};
			name = Debug;
		};
		7541C0D825E1440400DA55C4 /* Release */ = {
			isa = XCBuildConfiguration;
			buildSettings = {
				ALWAYS_SEARCH_USER_PATHS = NO;
				CLANG_ANALYZER_NONNULL = YES;
				CLANG_ANALYZER_NUMBER_OBJECT_CONVERSION = YES_AGGRESSIVE;
				CLANG_CXX_LANGUAGE_STANDARD = "gnu++14";
				CLANG_CXX_LIBRARY = "libc++";
				CLANG_ENABLE_MODULES = YES;
				CLANG_ENABLE_OBJC_ARC = YES;
				CLANG_ENABLE_OBJC_WEAK = YES;
				CLANG_WARN_BLOCK_CAPTURE_AUTORELEASING = YES;
				CLANG_WARN_BOOL_CONVERSION = YES;
				CLANG_WARN_COMMA = YES;
				CLANG_WARN_CONSTANT_CONVERSION = YES;
				CLANG_WARN_DEPRECATED_OBJC_IMPLEMENTATIONS = YES;
				CLANG_WARN_DIRECT_OBJC_ISA_USAGE = YES_ERROR;
				CLANG_WARN_DOCUMENTATION_COMMENTS = YES;
				CLANG_WARN_EMPTY_BODY = YES;
				CLANG_WARN_ENUM_CONVERSION = YES;
				CLANG_WARN_INFINITE_RECURSION = YES;
				CLANG_WARN_INT_CONVERSION = YES;
				CLANG_WARN_NON_LITERAL_NULL_CONVERSION = YES;
				CLANG_WARN_OBJC_IMPLICIT_RETAIN_SELF = YES;
				CLANG_WARN_OBJC_LITERAL_CONVERSION = YES;
				CLANG_WARN_OBJC_ROOT_CLASS = YES_ERROR;
				CLANG_WARN_QUOTED_INCLUDE_IN_FRAMEWORK_HEADER = YES;
				CLANG_WARN_RANGE_LOOP_ANALYSIS = YES;
				CLANG_WARN_STRICT_PROTOTYPES = YES;
				CLANG_WARN_SUSPICIOUS_MOVE = YES;
				CLANG_WARN_UNGUARDED_AVAILABILITY = YES_AGGRESSIVE;
				CLANG_WARN_UNREACHABLE_CODE = YES;
				CLANG_WARN__DUPLICATE_METHOD_MATCH = YES;
				COPY_PHASE_STRIP = NO;
				DEBUG_INFORMATION_FORMAT = "dwarf-with-dsym";
				ENABLE_NS_ASSERTIONS = NO;
				ENABLE_STRICT_OBJC_MSGSEND = YES;
				GCC_C_LANGUAGE_STANDARD = gnu11;
				GCC_NO_COMMON_BLOCKS = YES;
				GCC_WARN_64_TO_32_BIT_CONVERSION = YES;
				GCC_WARN_ABOUT_RETURN_TYPE = YES_ERROR;
				GCC_WARN_UNDECLARED_SELECTOR = YES;
				GCC_WARN_UNINITIALIZED_AUTOS = YES_AGGRESSIVE;
				GCC_WARN_UNUSED_FUNCTION = YES;
				GCC_WARN_UNUSED_VARIABLE = YES;
				IPHONEOS_DEPLOYMENT_TARGET = 14.5;
				MTL_ENABLE_DEBUG_INFO = NO;
				MTL_FAST_MATH = YES;
				SDKROOT = iphoneos;
				SWIFT_COMPILATION_MODE = wholemodule;
				SWIFT_OPTIMIZATION_LEVEL = "-O";
				VALIDATE_PRODUCT = YES;
			};
			name = Release;
		};
		7541C0DA25E1440400DA55C4 /* Debug */ = {
			isa = XCBuildConfiguration;
			baseConfigurationReference = EC4B6CF2B0F1F77402F2F333 /* Pods-zStocks.debug.xcconfig */;
			buildSettings = {
				ASSETCATALOG_COMPILER_APPICON_NAME = AppIcon;
				ASSETCATALOG_COMPILER_GLOBAL_ACCENT_COLOR_NAME = AccentColor;
				CODE_SIGN_STYLE = Automatic;
				DEVELOPMENT_ASSET_PATHS = "\"zStocks/Preview Content\"";
				DEVELOPMENT_TEAM = 7M52TR9EGY;
				ENABLE_PREVIEWS = YES;
				INFOPLIST_FILE = zStocks/Info.plist;
				IPHONEOS_DEPLOYMENT_TARGET = 14.0;
				LD_RUNPATH_SEARCH_PATHS = (
					"$(inherited)",
					"@executable_path/Frameworks",
				);
				PRODUCT_BUNDLE_IDENTIFIER = com.HansaDev.zStocks;
				PRODUCT_NAME = "$(TARGET_NAME)";
				SWIFT_VERSION = 5.0;
				TARGETED_DEVICE_FAMILY = 1;
			};
			name = Debug;
		};
		7541C0DB25E1440400DA55C4 /* Release */ = {
			isa = XCBuildConfiguration;
			baseConfigurationReference = B46A77CEFFA40ACAC249078B /* Pods-zStocks.release.xcconfig */;
			buildSettings = {
				ASSETCATALOG_COMPILER_APPICON_NAME = AppIcon;
				ASSETCATALOG_COMPILER_GLOBAL_ACCENT_COLOR_NAME = AccentColor;
				CODE_SIGN_STYLE = Automatic;
				DEVELOPMENT_ASSET_PATHS = "\"zStocks/Preview Content\"";
				DEVELOPMENT_TEAM = 7M52TR9EGY;
				ENABLE_PREVIEWS = YES;
				INFOPLIST_FILE = zStocks/Info.plist;
				IPHONEOS_DEPLOYMENT_TARGET = 14.0;
				LD_RUNPATH_SEARCH_PATHS = (
					"$(inherited)",
					"@executable_path/Frameworks",
				);
				PRODUCT_BUNDLE_IDENTIFIER = com.HansaDev.zStocks;
				PRODUCT_NAME = "$(TARGET_NAME)";
				SWIFT_VERSION = 5.0;
				TARGETED_DEVICE_FAMILY = 1;
			};
			name = Release;
		};
/* End XCBuildConfiguration section */

/* Begin XCConfigurationList section */
		7541C0C525E1440200DA55C4 /* Build configuration list for PBXProject "zStocks" */ = {
			isa = XCConfigurationList;
			buildConfigurations = (
				7541C0D725E1440400DA55C4 /* Debug */,
				7541C0D825E1440400DA55C4 /* Release */,
			);
			defaultConfigurationIsVisible = 0;
			defaultConfigurationName = Release;
		};
		7541C0D925E1440400DA55C4 /* Build configuration list for PBXNativeTarget "zStocks" */ = {
			isa = XCConfigurationList;
			buildConfigurations = (
				7541C0DA25E1440400DA55C4 /* Debug */,
				7541C0DB25E1440400DA55C4 /* Release */,
			);
			defaultConfigurationIsVisible = 0;
			defaultConfigurationName = Release;
		};
/* End XCConfigurationList section */

/* Begin XCRemoteSwiftPackageReference section */
		751B09C02611DD3E009C40B2 /* RemoteSwiftPackageReference */ = {
			isa = XCRemoteSwiftPackageReference;
			repositoryURL = "https://github.com/AppPear/ChartView";
			requirement = {
				branch = master;
				kind = branch;
			};
		};
		7567BD7A260FB515006FE71E /* RemoteSwiftPackageReference */ = {
			isa = XCRemoteSwiftPackageReference;
			repositoryURL = "https://github.com/dmytro-anokhin/url-image";
			requirement = {
				branch = main;
				kind = branch;
			};
		};
		75DF0EF325F359BB00CFEB32 /* RemoteSwiftPackageReference */ = {
			isa = XCRemoteSwiftPackageReference;
			repositoryURL = "https://github.com/SwiftUIX/SwiftUIX";
			requirement = {
				branch = master;
				kind = branch;
			};
		};
/* End XCRemoteSwiftPackageReference section */

/* Begin XCSwiftPackageProductDependency section */
		751B09C12611DD3E009C40B2 /* SwiftPackageProductDependency */ = {
			isa = XCSwiftPackageProductDependency;
			package = 751B09C02611DD3E009C40B2 /* RemoteSwiftPackageReference */;
			productName = SwiftUICharts;
		};
		7567BD7B260FB515006FE71E /* SwiftPackageProductDependency */ = {
			isa = XCSwiftPackageProductDependency;
			package = 7567BD7A260FB515006FE71E /* RemoteSwiftPackageReference */;
			productName = URLImage;
		};
		75DF0EF425F359BC00CFEB32 /* SwiftPackageProductDependency */ = {
			isa = XCSwiftPackageProductDependency;
			package = 75DF0EF325F359BB00CFEB32 /* RemoteSwiftPackageReference */;
			productName = SwiftUIX;
		};
/* End XCSwiftPackageProductDependency section */

/* Begin XCVersionGroup section */
		75D0ED5925E96FC00063A673 /* zStocks.xcdatamodeld */ = {
			isa = XCVersionGroup;
			children = (
				75D0ED5A25E96FC00063A673 /* zStocks.xcdatamodel */,
			);
			currentVersion = 75D0ED5A25E96FC00063A673 /* zStocks.xcdatamodel */;
			path = zStocks.xcdatamodeld;
			sourceTree = "<group>";
			versionGroupType = wrapper.xcdatamodel;
		};
/* End XCVersionGroup section */
	};
	rootObject = 7541C0C225E1440200DA55C4 /* Project object */;
}
